
Microsoft Visual Studio Solution File, Format Version 12.00
# Visual Studio 15
VisualStudioVersion = 15.0.26124.0
MinimumVisualStudioVersion = 15.0.26124.0
Project("{FAE04EC0-301F-11D3-BF4B-00C04F79EFBC}") = "IdentityServer", "IdentityServer\IdentityServer.csproj", "{3DBFA691-ADB3-4521-8458-5CB7066CF8D5}"
EndProject
Project("{FAE04EC0-301F-11D3-BF4B-00C04F79EFBC}") = "Api", "Api\Api.csproj", "{EC09D5BC-3151-491B-97EC-8070E350F9FB}"
EndProject
Project("{FAE04EC0-301F-11D3-BF4B-00C04F79EFBC}") = "Client", "Client\Client.csproj", "{07AE7F75-ABA9-43E7-80F7-610A223CB389}"
EndProject
Project("{FAE04EC0-301F-11D3-BF4B-00C04F79EFBC}") = "MVCClient", "MVCClient\MVCClient.csproj", "{EEC54E86-3A40-437D-B392-C31AB803AC6F}"
EndProject
Project("{FAE04EC0-301F-11D3-BF4B-00C04F79EFBC}") = "JSClient", "JSClient\JSClient.csproj", "{EF2DCA35-6522-43B8-8AFA-16EEEC8B861F}"
EndProject
Global
	GlobalSection(SolutionConfigurationPlatforms) = preSolution
		Debug|Any CPU = Debug|Any CPU
		Debug|x64 = Debug|x64
		Debug|x86 = Debug|x86
		Release|Any CPU = Release|Any CPU
		Release|x64 = Release|x64
		Release|x86 = Release|x86
	EndGlobalSection
	GlobalSection(SolutionProperties) = preSolution
		HideSolutionNode = FALSE
	EndGlobalSection
	GlobalSection(ProjectConfigurationPlatforms) = postSolution
		{3DBFA691-ADB3-4521-8458-5CB7066CF8D5}.Debug|Any CPU.ActiveCfg = Debug|Any CPU
		{3DBFA691-ADB3-4521-8458-5CB7066CF8D5}.Debug|Any CPU.Build.0 = Debug|Any CPU
		{3DBFA691-ADB3-4521-8458-5CB7066CF8D5}.Debug|x64.ActiveCfg = Debug|Any CPU
		{3DBFA691-ADB3-4521-8458-5CB7066CF8D5}.Debug|x64.Build.0 = Debug|Any CPU
		{3DBFA691-ADB3-4521-8458-5CB7066CF8D5}.Debug|x86.ActiveCfg = Debug|Any CPU
		{3DBFA691-ADB3-4521-8458-5CB7066CF8D5}.Debug|x86.Build.0 = Debug|Any CPU
		{3DBFA691-ADB3-4521-8458-5CB7066CF8D5}.Release|Any CPU.ActiveCfg = Release|Any CPU
		{3DBFA691-ADB3-4521-8458-5CB7066CF8D5}.Release|Any CPU.Build.0 = Release|Any CPU
		{3DBFA691-ADB3-4521-8458-5CB7066CF8D5}.Release|x64.ActiveCfg = Release|Any CPU
		{3DBFA691-ADB3-4521-8458-5CB7066CF8D5}.Release|x64.Build.0 = Release|Any CPU
		{3DBFA691-ADB3-4521-8458-5CB7066CF8D5}.Release|x86.ActiveCfg = Release|Any CPU
		{3DBFA691-ADB3-4521-8458-5CB7066CF8D5}.Release|x86.Build.0 = Release|Any CPU
		{EC09D5BC-3151-491B-97EC-8070E350F9FB}.Debug|Any CPU.ActiveCfg = Debug|Any CPU
		{EC09D5BC-3151-491B-97EC-8070E350F9FB}.Debug|Any CPU.Build.0 = Debug|Any CPU
		{EC09D5BC-3151-491B-97EC-8070E350F9FB}.Debug|x64.ActiveCfg = Debug|Any CPU
		{EC09D5BC-3151-491B-97EC-8070E350F9FB}.Debug|x64.Build.0 = Debug|Any CPU
		{EC09D5BC-3151-491B-97EC-8070E350F9FB}.Debug|x86.ActiveCfg = Debug|Any CPU
		{EC09D5BC-3151-491B-97EC-8070E350F9FB}.Debug|x86.Build.0 = Debug|Any CPU
		{EC09D5BC-3151-491B-97EC-8070E350F9FB}.Release|Any CPU.ActiveCfg = Release|Any CPU
		{EC09D5BC-3151-491B-97EC-8070E350F9FB}.Release|Any CPU.Build.0 = Release|Any CPU
		{EC09D5BC-3151-491B-97EC-8070E350F9FB}.Release|x64.ActiveCfg = Release|Any CPU
		{EC09D5BC-3151-491B-97EC-8070E350F9FB}.Release|x64.Build.0 = Release|Any CPU
		{EC09D5BC-3151-491B-97EC-8070E350F9FB}.Release|x86.ActiveCfg = Release|Any CPU
		{EC09D5BC-3151-491B-97EC-8070E350F9FB}.Release|x86.Build.0 = Release|Any CPU
		{07AE7F75-ABA9-43E7-80F7-610A223CB389}.Debug|Any CPU.ActiveCfg = Debug|Any CPU
		{07AE7F75-ABA9-43E7-80F7-610A223CB389}.Debug|Any CPU.Build.0 = Debug|Any CPU
		{07AE7F75-ABA9-43E7-80F7-610A223CB389}.Debug|x64.ActiveCfg = Debug|Any CPU
		{07AE7F75-ABA9-43E7-80F7-610A223CB389}.Debug|x64.Build.0 = Debug|Any CPU
		{07AE7F75-ABA9-43E7-80F7-610A223CB389}.Debug|x86.ActiveCfg = Debug|Any CPU
		{07AE7F75-ABA9-43E7-80F7-610A223CB389}.Debug|x86.Build.0 = Debug|Any CPU
		{07AE7F75-ABA9-43E7-80F7-610A223CB389}.Release|Any CPU.ActiveCfg = Release|Any CPU
		{07AE7F75-ABA9-43E7-80F7-610A223CB389}.Release|Any CPU.Build.0 = Release|Any CPU
		{07AE7F75-ABA9-43E7-80F7-610A223CB389}.Release|x64.ActiveCfg = Release|Any CPU
		{07AE7F75-ABA9-43E7-80F7-610A223CB389}.Release|x64.Build.0 = Release|Any CPU
		{07AE7F75-ABA9-43E7-80F7-610A223CB389}.Release|x86.ActiveCfg = Release|Any CPU
		{07AE7F75-ABA9-43E7-80F7-610A223CB389}.Release|x86.Build.0 = Release|Any CPU
		{EEC54E86-3A40-437D-B392-C31AB803AC6F}.Debug|Any CPU.ActiveCfg = Debug|Any CPU
		{EEC54E86-3A40-437D-B392-C31AB803AC6F}.Debug|Any CPU.Build.0 = Debug|Any CPU
		{EEC54E86-3A40-437D-B392-C31AB803AC6F}.Debug|x64.ActiveCfg = Debug|Any CPU
		{EEC54E86-3A40-437D-B392-C31AB803AC6F}.Debug|x64.Build.0 = Debug|Any CPU
		{EEC54E86-3A40-437D-B392-C31AB803AC6F}.Debug|x86.ActiveCfg = Debug|Any CPU
		{EEC54E86-3A40-437D-B392-C31AB803AC6F}.Debug|x86.Build.0 = Debug|Any CPU
		{EEC54E86-3A40-437D-B392-C31AB803AC6F}.Release|Any CPU.ActiveCfg = Release|Any CPU
		{EEC54E86-3A40-437D-B392-C31AB803AC6F}.Release|Any CPU.Build.0 = Release|Any CPU
		{EEC54E86-3A40-437D-B392-C31AB803AC6F}.Release|x64.ActiveCfg = Release|Any CPU
		{EEC54E86-3A40-437D-B392-C31AB803AC6F}.Release|x64.Build.0 = Release|Any CPU
		{EEC54E86-3A40-437D-B392-C31AB803AC6F}.Release|x86.ActiveCfg = Release|Any CPU
		{EEC54E86-3A40-437D-B392-C31AB803AC6F}.Release|x86.Build.0 = Release|Any CPU
		{EF2DCA35-6522-43B8-8AFA-16EEEC8B861F}.Debug|Any CPU.ActiveCfg = Debug|Any CPU
		{EF2DCA35-6522-43B8-8AFA-16EEEC8B861F}.Debug|Any CPU.Build.0 = Debug|Any CPU
		{EF2DCA35-6522-43B8-8AFA-16EEEC8B861F}.Debug|x64.ActiveCfg = Debug|Any CPU
		{EF2DCA35-6522-43B8-8AFA-16EEEC8B861F}.Debug|x64.Build.0 = Debug|Any CPU
		{EF2DCA35-6522-43B8-8AFA-16EEEC8B861F}.Debug|x86.ActiveCfg = Debug|Any CPU
		{EF2DCA35-6522-43B8-8AFA-16EEEC8B861F}.Debug|x86.Build.0 = Debug|Any CPU
		{EF2DCA35-6522-43B8-8AFA-16EEEC8B861F}.Release|Any CPU.ActiveCfg = Release|Any CPU
		{EF2DCA35-6522-43B8-8AFA-16EEEC8B861F}.Release|Any CPU.Build.0 = Release|Any CPU
		{EF2DCA35-6522-43B8-8AFA-16EEEC8B861F}.Release|x64.ActiveCfg = Release|Any CPU
		{EF2DCA35-6522-43B8-8AFA-16EEEC8B861F}.Release|x64.Build.0 = Release|Any CPU
		{EF2DCA35-6522-43B8-8AFA-16EEEC8B861F}.Release|x86.ActiveCfg = Release|Any CPU
		{EF2DCA35-6522-43B8-8AFA-16EEEC8B861F}.Release|x86.Build.0 = Release|Any CPU
	EndGlobalSection
EndGlobal
